// !$*UTF8*$!
{
	archiveVersion = 1;
	classes = {
	};
	objectVersion = 42;
	objects = {

/* Begin PBXBuildFile section */
		129BE8CC0D0443E1004F0F92 /* vsnapshot~.c in Sources */ = {isa = PBXBuildFile; fileRef = 129BE8CB0D0443E1004F0F92 /* vsnapshot~.c */; };
		129BE9680D044469004F0F92 /* Info.plist in Resources */ = {isa = PBXBuildFile; fileRef = 129BE9670D044469004F0F92 /* Info.plist */; };
		BEED70E40A8153B600523D1A /* MaxAPI.framework in Frameworks */ = {isa = PBXBuildFile; fileRef = BEED70E20A8153B600523D1A /* MaxAPI.framework */; };
		BEED70E50A8153B600523D1A /* MaxAudioAPI.framework in Frameworks */ = {isa = PBXBuildFile; fileRef = BEED70E30A8153B600523D1A /* MaxAudioAPI.framework */; };
/* End PBXBuildFile section */

/* Begin PBXFileReference section */
		129BE8CB0D0443E1004F0F92 /* vsnapshot~.c */ = {isa = PBXFileReference; fileEncoding = 30; lastKnownFileType = sourcecode.c.c; path = "vsnapshot~.c"; sourceTree = "<group>"; };
		129BE9670D044469004F0F92 /* Info.plist */ = {isa = PBXFileReference; fileEncoding = 30; lastKnownFileType = text.plist.xml; path = Info.plist; sourceTree = "<group>"; };
		BEED70E20A8153B600523D1A /* MaxAPI.framework */ = {isa = PBXFileReference; lastKnownFileType = wrapper.framework; name = MaxAPI.framework; path = "../../../SDK/UB-SDK/MaxAPI.framework"; sourceTree = SOURCE_ROOT; };
		BEED70E30A8153B600523D1A /* MaxAudioAPI.framework */ = {isa = PBXFileReference; lastKnownFileType = wrapper.framework; name = MaxAudioAPI.framework; path = "../../../SDK/UB-SDK/MaxAudioAPI.framework"; sourceTree = SOURCE_ROOT; };
		C93E2F590BE2704100642F09 /* vsnapshot~.mxo */ = {isa = PBXFileReference; explicitFileType = wrapper.cfbundle; includeInIndex = 0; path = "vsnapshot~.mxo"; sourceTree = BUILT_PRODUCTS_DIR; };
/* End PBXFileReference section */

/* Begin PBXFrameworksBuildPhase section */
		8D01CCCD0486CAD60068D4B7 /* Frameworks */ = {
			isa = PBXFrameworksBuildPhase;
			buildActionMask = 2147483647;
			files = (
				BEED70E40A8153B600523D1A /* MaxAPI.framework in Frameworks */,
				BEED70E50A8153B600523D1A /* MaxAudioAPI.framework in Frameworks */,
			);
			runOnlyForDeploymentPostprocessing = 0;
		};
/* End PBXFrameworksBuildPhase section */

/* Begin PBXGroup section */
		089C166AFE841209C02AAC07 /* plus~ */ = {
			isa = PBXGroup;
			children = (
				08FB77ADFE841716C02AAC07 /* Source */,
				089C167CFE841241C02AAC07 /* Resources */,
				089C1671FE841209C02AAC07 /* External Frameworks and Libraries */,
				19C28FB4FE9D528D11CA2CBB /* Products */,
			);
			name = "plus~";
			sourceTree = "<group>";
		};
		089C1671FE841209C02AAC07 /* External Frameworks and Libraries */ = {
			isa = PBXGroup;
			children = (
				BEED70E20A8153B600523D1A /* MaxAPI.framework */,
				BEED70E30A8153B600523D1A /* MaxAudioAPI.framework */,
			);
			name = "External Frameworks and Libraries";
			sourceTree = "<group>";
		};
		089C167CFE841241C02AAC07 /* Resources */ = {
			isa = PBXGroup;
			children = (
				129BE9670D044469004F0F92 /* Info.plist */,
			);
			name = Resources;
			sourceTree = "<group>";
		};
		08FB77ADFE841716C02AAC07 /* Source */ = {
			isa = PBXGroup;
			children = (
				129BE8CB0D0443E1004F0F92 /* vsnapshot~.c */,
			);
			name = Source;
			sourceTree = "<group>";
		};
		19C28FB4FE9D528D11CA2CBB /* Products */ = {
			isa = PBXGroup;
			children = (
				C93E2F590BE2704100642F09 /* vsnapshot~.mxo */,
			);
			name = Products;
			sourceTree = "<group>";
		};
/* End PBXGroup section */

/* Begin PBXHeadersBuildPhase section */
		8D01CCC70486CAD60068D4B7 /* Headers */ = {
			isa = PBXHeadersBuildPhase;
			buildActionMask = 2147483647;
			files = (
			);
			runOnlyForDeploymentPostprocessing = 0;
		};
/* End PBXHeadersBuildPhase section */

/* Begin PBXNativeTarget section */
		8D01CCC60486CAD60068D4B7 /* vsnapshot~ */ = {
			isa = PBXNativeTarget;
			buildConfigurationList = 0FFBC540097463A900D78707 /* Build configuration list for PBXNativeTarget "vsnapshot~" */;
			buildPhases = (
				8D01CCC70486CAD60068D4B7 /* Headers */,
				8D01CCC90486CAD60068D4B7 /* Resources */,
				8D01CCCB0486CAD60068D4B7 /* Sources */,
				8D01CCCD0486CAD60068D4B7 /* Frameworks */,
				8D01CCCF0486CAD60068D4B7 /* Rez */,
			);
			buildRules = (
			);
			dependencies = (
			);
			name = "vsnapshot~";
			productInstallPath = "$(HOME)/Library/Bundles";
			productName = MSPExternal;
			productReference = C93E2F590BE2704100642F09 /* vsnapshot~.mxo */;
			productType = "com.apple.product-type.bundle";
		};
/* End PBXNativeTarget section */

/* Begin PBXProject section */
		089C1669FE841209C02AAC07 /* Project object */ = {
			isa = PBXProject;
			buildConfigurationList = 0FFBC544097463A900D78707 /* Build configuration list for PBXProject "vsnapshot~" */;
			compatibilityVersion = "Xcode 2.4";
			hasScannedForEncodings = 1;
			mainGroup = 089C166AFE841209C02AAC07 /* plus~ */;
			projectDirPath = "";
			projectRoot = "";
			targets = (
				8D01CCC60486CAD60068D4B7 /* vsnapshot~ */,
			);
		};
/* End PBXProject section */

/* Begin PBXResourcesBuildPhase section */
		8D01CCC90486CAD60068D4B7 /* Resources */ = {
			isa = PBXResourcesBuildPhase;
			buildActionMask = 2147483647;
			files = (
				129BE9680D044469004F0F92 /* Info.plist in Resources */,
			);
			runOnlyForDeploymentPostprocessing = 0;
		};
/* End PBXResourcesBuildPhase section */

/* Begin PBXRezBuildPhase section */
		8D01CCCF0486CAD60068D4B7 /* Rez */ = {
			isa = PBXRezBuildPhase;
			buildActionMask = 2147483647;
			files = (
			);
			runOnlyForDeploymentPostprocessing = 0;
		};
/* End PBXRezBuildPhase section */

/* Begin PBXSourcesBuildPhase section */
		8D01CCCB0486CAD60068D4B7 /* Sources */ = {
			isa = PBXSourcesBuildPhase;
			buildActionMask = 2147483647;
			files = (
				129BE8CC0D0443E1004F0F92 /* vsnapshot~.c in Sources */,
			);
			runOnlyForDeploymentPostprocessing = 0;
		};
/* End PBXSourcesBuildPhase section */

/* Begin XCBuildConfiguration section */
		0FFBC541097463A900D78707 /* Development */ = {
			isa = XCBuildConfiguration;
			buildSettings = {
				COPY_PHASE_STRIP = NO;
				DEBUGGING_SYMBOLS = YES;
				DEPLOYMENT_LOCATION = NO;
				DSTROOT = "$(PROJECT_DIR)";
				FRAMEWORK_SEARCH_PATHS = (
					/Library/Frameworks,
					"$(FRAMEWORK_SEARCH_PATHS_QUOTED_1)",
				);
				FRAMEWORK_SEARCH_PATHS_QUOTED_1 = "\"$(SRCROOT)/../../../SDK/UB-SDK\"";
				GCC_DYNAMIC_NO_PIC = NO;
				GCC_ENABLE_FIX_AND_CONTINUE = YES;
				GCC_ENABLE_TRIGRAPHS = NO;
				GCC_GENERATE_DEBUGGING_SYMBOLS = YES;
				GCC_OPTIMIZATION_LEVEL = 0;
				GCC_PRECOMPILE_PREFIX_HEADER = YES;
				GCC_PREFIX_HEADER = "../../../c74support/max-includes/macho-prefix.h";
				GCC_WARN_ABOUT_MISSING_PROTOTYPES = NO;
				GCC_WARN_FOUR_CHARACTER_CONSTANTS = NO;
				GCC_WARN_UNKNOWN_PRAGMAS = NO;
				GENERATE_PKGINFO_FILE = YES;
				HEADER_SEARCH_PATHS = (
					"../../../c74support/max-includes",
					"../../../c74support/msp-includes",
				);
				INFOPLIST_FILE = Info.plist;
				INSTALL_PATH = "/../../../sysbuild/$(CONFIGURATION)/Cycling '74/externals";
				LIBRARY_SEARCH_PATHS = "";
				LIBRARY_STYLE = Bundle;
				OTHER_CFLAGS = "";
				OTHER_LDFLAGS = "";
				OTHER_REZFLAGS = "";
				PRODUCT_NAME = "cambio~";
				SDKROOT = /Developer/SDKs/MacOSX10.4u.sdk;
				SECTORDER_FLAGS = "";
				WARNING_CFLAGS = (
					"-Wmost",
					"-Wno-four-char-constants",
					"-Wno-unknown-pragmas",
				);
				WRAPPER_EXTENSION = mxo;
				ZERO_LINK = YES;
			};
			name = Development;
		};
		0FFBC542097463A900D78707 /* Deployment */ = {
			isa = XCBuildConfiguration;
			buildSettings = {
				ARCHS = (
					i386,
					ppc,
				);
				COPY_PHASE_STRIP = YES;
				DEPLOYMENT_LOCATION = NO;
				DSTROOT = "$(PROJECT_DIR)";
				FRAMEWORK_SEARCH_PATHS = (
					/Library/Frameworks,
					"$(FRAMEWORK_SEARCH_PATHS_QUOTED_1)",
				);
				FRAMEWORK_SEARCH_PATHS_QUOTED_1 = "\"$(SRCROOT)/../../../SDK/UB-SDK\"";
				GCC_ENABLE_FIX_AND_CONTINUE = NO;
				GCC_ENABLE_TRIGRAPHS = NO;
				GCC_GENERATE_DEBUGGING_SYMBOLS = NO;
				GCC_PRECOMPILE_PREFIX_HEADER = YES;
				GCC_PREFIX_HEADER = "../../../c74support/max-includes/macho-prefix.h";
				GCC_WARN_ABOUT_MISSING_PROTOTYPES = NO;
				GCC_WARN_FOUR_CHARACTER_CONSTANTS = NO;
				GCC_WARN_UNKNOWN_PRAGMAS = NO;
				GENERATE_PKGINFO_FILE = YES;
				HEADER_SEARCH_PATHS = (
					"../../../c74support/max-includes",
					"../../../c74support/msp-includes",
				);
				INFOPLIST_FILE = Info.plist;
				INSTALL_PATH = "/../../../sysbuild/$(CONFIGURATION)/Cycling '74/externals";
				LIBRARY_SEARCH_PATHS = "";
				LIBRARY_STYLE = Bundle;
				OTHER_CFLAGS = "";
				OTHER_LDFLAGS = "";
				OTHER_REZFLAGS = "";
				PRODUCT_NAME = "vsnapshot~";
				SDKROOT = /Developer/SDKs/MacOSX10.4u.sdk;
				SECTORDER_FLAGS = "";
				WARNING_CFLAGS = (
					"-Wmost",
					"-Wno-four-char-constants",
					"-Wno-unknown-pragmas",
				);
				WRAPPER_EXTENSION = mxo;
				ZERO_LINK = NO;
			};
			name = Deployment;
		};
		0FFBC543097463A900D78707 /* Default */ = {
			isa = XCBuildConfiguration;
			buildSettings = {
				DEPLOYMENT_LOCATION = NO;
				DSTROOT = "$(PROJECT_DIR)";
				FRAMEWORK_SEARCH_PATHS = (
					/Library/Frameworks,
					"$(FRAMEWORK_SEARCH_PATHS_QUOTED_1)",
				);
				FRAMEWORK_SEARCH_PATHS_QUOTED_1 = "\"$(SRCROOT)/../../../SDK/UB-SDK\"";
				GCC_ENABLE_TRIGRAPHS = NO;
				GCC_GENERATE_DEBUGGING_SYMBOLS = NO;
				GCC_PRECOMPILE_PREFIX_HEADER = YES;
				GCC_PREFIX_HEADER = "../../../c74support/max-includes/macho-prefix.h";
				GCC_WARN_ABOUT_MISSING_PROTOTYPES = NO;
				GCC_WARN_FOUR_CHARACTER_CONSTANTS = NO;
				GCC_WARN_UNKNOWN_PRAGMAS = NO;
				GENERATE_PKGINFO_FILE = YES;
				HEADER_SEARCH_PATHS = (
					"../../../c74support/max-includes",
					"../../../c74support/msp-includes",
				);
				INFOPLIST_FILE = Info.plist;
				INSTALL_PATH = "/../../../sysbuild/$(CONFIGURATION)/Cycling '74/externals";
				LIBRARY_SEARCH_PATHS = "";
				LIBRARY_STYLE = Bundle;
				OTHER_CFLAGS = "";
				OTHER_LDFLAGS = "";
				OTHER_REZFLAGS = "";
				PRODUCT_NAME = "cambio~";
				SECTORDER_FLAGS = "";
				WARNING_CFLAGS = (
					"-Wmost",
					"-Wno-four-char-constants",
					"-Wno-unknown-pragmas",
				);
				WRAPPER_EXTENSION = mxo;
			};
			name = Default;
		};
		0FFBC545097463A900D78707 /* Development */ = {
			isa = XCBuildConfiguration;
			buildSettings = {
				GCC_ALTIVEC_EXTENSIONS = YES;
			};
			name = Development;
		};
		0FFBC546097463A900D78707 /* Deployment */ = {
			isa = XCBuildConfiguration;
			buildSettings = {
				GCC_ALTIVEC_EXTENSIONS = YES;
			};
			name = Deployment;
		};
		0FFBC547097463A900D78707 /* Default */ = {
			isa = XCBuildConfiguration;
			buildSettings = {
				GCC_ALTIVEC_EXTENSIONS = YES;
			};
			name = Default;
		};
/* End XCBuildConfiguration section */

/* Begin XCConfigurationList section */
		0FFBC540097463A900D78707 /* Build configuration list for PBXNativeTarget "vsnapshot~" */ = {
			isa = XCConfigurationList;
			buildConfigurations = (
				0FFBC541097463A900D78707 /* Development */,
				0FFBC542097463A900D78707 /* Deployment */,
				0FFBC543097463A900D78707 /* Default */,
			);
			defaultConfigurationIsVisible = 0;
			defaultConfigurationName = Default;
		};
		0FFBC544097463A900D78707 /* Build configuration list for PBXProject "vsnapshot~" */ = {
			isa = XCConfigurationList;
			buildConfigurations = (
				0FFBC545097463A900D78707 /* Development */,
				0FFBC546097463A900D78707 /* Deployment */,
				0FFBC547097463A900D78707 /* Default */,
			);
			defaultConfigurationIsVisible = 0;
			defaultConfigurationName = Default;
		};
/* End XCConfigurationList section */
	};
	rootObject = 089C1669FE841209C02AAC07 /* Project object */;
}
