// !$*UTF8*$!
{
	archiveVersion = 1;
	classes = {
	};
	objectVersion = 44;
	objects = {

/* Begin PBXBuildFile section */
		A1745D860E807403004CB423 /* libfftw3f.a in Frameworks */ = {isa = PBXBuildFile; fileRef = A1745D840E807403004CB423 /* libfftw3f.a */; };
		A18EF2EF1379EB4D006AA030 /* MaxAPI.framework in Frameworks */ = {isa = PBXBuildFile; fileRef = A18EF2EE1379EB4D006AA030 /* MaxAPI.framework */; };
		A18EF3351379EB5B006AA030 /* MaxAudioAPI.framework in Frameworks */ = {isa = PBXBuildFile; fileRef = A18EF3341379EB5B006AA030 /* MaxAudioAPI.framework */; };
		A18EF33F1379EB6D006AA030 /* Carbon.framework in Frameworks */ = {isa = PBXBuildFile; fileRef = A18EF33E1379EB6D006AA030 /* Carbon.framework */; };
		A1C18B90137DD20400BFB558 /* partconvMulti.cpp in Sources */ = {isa = PBXBuildFile; fileRef = A1C18B8A137DD20400BFB558 /* partconvMulti.cpp */; };
		A1C18B91137DD20400BFB558 /* partconvMulti.h in Headers */ = {isa = PBXBuildFile; fileRef = A1C18B8B137DD20400BFB558 /* partconvMulti.h */; };
		A1C18B92137DD20400BFB558 /* sigproc_util.c in Sources */ = {isa = PBXBuildFile; fileRef = A1C18B8C137DD20400BFB558 /* sigproc_util.c */; };
		A1C18B93137DD20400BFB558 /* sigproc_util.h in Headers */ = {isa = PBXBuildFile; fileRef = A1C18B8D137DD20400BFB558 /* sigproc_util.h */; };
		A1C18B9D137DD37A00BFB558 /* runLevel.cpp in Sources */ = {isa = PBXBuildFile; fileRef = A1C18B9B137DD37A00BFB558 /* runLevel.cpp */; };
		A1C18B9E137DD37A00BFB558 /* runlevel.h in Headers */ = {isa = PBXBuildFile; fileRef = A1C18B9C137DD37A00BFB558 /* runlevel.h */; };
		A1C18C4E137DDEBB00BFB558 /* partconv~.cpp in Sources */ = {isa = PBXBuildFile; fileRef = A1C18C4D137DDEBB00BFB558 /* partconv~.cpp */; };
/* End PBXBuildFile section */

/* Begin PBXFileReference section */
		A1745D450E7EF0AC004CB423 /* partconv~.mxo */ = {isa = PBXFileReference; explicitFileType = wrapper.cfbundle; includeInIndex = 0; path = "partconv~.mxo"; sourceTree = BUILT_PRODUCTS_DIR; };
		A1745D840E807403004CB423 /* libfftw3f.a */ = {isa = PBXFileReference; lastKnownFileType = archive.ar; path = libfftw3f.a; sourceTree = "<group>"; };
		A1745D850E807403004CB423 /* libfftw3f.la */ = {isa = PBXFileReference; fileEncoding = 4; lastKnownFileType = text; path = libfftw3f.la; sourceTree = "<group>"; };
		A18EF2EE1379EB4D006AA030 /* MaxAPI.framework */ = {isa = PBXFileReference; explicitFileType = wrapper.framework; name = MaxAPI.framework; path = "../../../SDK/MaxSDK-5.1.7/c74support/max-includes/MaxAPI.framework"; sourceTree = SOURCE_ROOT; };
		A18EF3341379EB5B006AA030 /* MaxAudioAPI.framework */ = {isa = PBXFileReference; lastKnownFileType = wrapper.framework; name = MaxAudioAPI.framework; path = "../../../SDK/MaxSDK-5.1.7/c74support/msp-includes/MaxAudioAPI.framework"; sourceTree = SOURCE_ROOT; };
		A18EF33E1379EB6D006AA030 /* Carbon.framework */ = {isa = PBXFileReference; lastKnownFileType = wrapper.framework; name = Carbon.framework; path = /System/Library/Frameworks/Carbon.framework; sourceTree = "<absolute>"; };
		A1C18B8A137DD20400BFB558 /* partconvMulti.cpp */ = {isa = PBXFileReference; fileEncoding = 4; lastKnownFileType = sourcecode.cpp.cpp; name = partconvMulti.cpp; path = ../../../../../../partconv/C/partconvMulti.cpp; sourceTree = SOURCE_ROOT; };
		A1C18B8B137DD20400BFB558 /* partconvMulti.h */ = {isa = PBXFileReference; fileEncoding = 4; lastKnownFileType = sourcecode.c.h; name = partconvMulti.h; path = ../../../../../../partconv/C/partconvMulti.h; sourceTree = SOURCE_ROOT; };
		A1C18B8C137DD20400BFB558 /* sigproc_util.c */ = {isa = PBXFileReference; fileEncoding = 4; lastKnownFileType = sourcecode.c.c; name = sigproc_util.c; path = ../../../../../../partconv/C/sigproc_util.c; sourceTree = SOURCE_ROOT; };
		A1C18B8D137DD20400BFB558 /* sigproc_util.h */ = {isa = PBXFileReference; fileEncoding = 4; lastKnownFileType = sourcecode.c.h; name = sigproc_util.h; path = ../../../../../../partconv/C/sigproc_util.h; sourceTree = SOURCE_ROOT; };
		A1C18B9B137DD37A00BFB558 /* runLevel.cpp */ = {isa = PBXFileReference; fileEncoding = 4; lastKnownFileType = sourcecode.cpp.cpp; name = runLevel.cpp; path = ../../../../../../partconv/C/runLevel.cpp; sourceTree = SOURCE_ROOT; };
		A1C18B9C137DD37A00BFB558 /* runlevel.h */ = {isa = PBXFileReference; fileEncoding = 4; lastKnownFileType = sourcecode.c.h; name = runlevel.h; path = ../../../../../../partconv/C/runlevel.h; sourceTree = SOURCE_ROOT; };
		A1C18C4D137DDEBB00BFB558 /* partconv~.cpp */ = {isa = PBXFileReference; fileEncoding = 4; lastKnownFileType = sourcecode.cpp.cpp; path = "partconv~.cpp"; sourceTree = "<group>"; };
/* End PBXFileReference section */

/* Begin PBXFrameworksBuildPhase section */
		8D01CCCD0486CAD60068D4B7 /* Frameworks */ = {
			isa = PBXFrameworksBuildPhase;
			buildActionMask = 2147483647;
			files = (
				A1745D860E807403004CB423 /* libfftw3f.a in Frameworks */,
				A18EF2EF1379EB4D006AA030 /* MaxAPI.framework in Frameworks */,
				A18EF3351379EB5B006AA030 /* MaxAudioAPI.framework in Frameworks */,
				A18EF33F1379EB6D006AA030 /* Carbon.framework in Frameworks */,
			);
			runOnlyForDeploymentPostprocessing = 0;
		};
/* End PBXFrameworksBuildPhase section */

/* Begin PBXGroup section */
		089C166AFE841209C02AAC07 /* plus~ */ = {
			isa = PBXGroup;
			children = (
				A1C18C4D137DDEBB00BFB558 /* partconv~.cpp */,
				A1C18B9B137DD37A00BFB558 /* runLevel.cpp */,
				A1C18B9C137DD37A00BFB558 /* runlevel.h */,
				A1C18B8A137DD20400BFB558 /* partconvMulti.cpp */,
				A1C18B8B137DD20400BFB558 /* partconvMulti.h */,
				A1C18B8C137DD20400BFB558 /* sigproc_util.c */,
				A1C18B8D137DD20400BFB558 /* sigproc_util.h */,
				08FB77ADFE841716C02AAC07 /* Source */,
				089C167CFE841241C02AAC07 /* Resources */,
				089C1671FE841209C02AAC07 /* External Frameworks and Libraries */,
				19C28FB4FE9D528D11CA2CBB /* Products */,
			);
			name = "plus~";
			sourceTree = "<group>";
		};
		089C1671FE841209C02AAC07 /* External Frameworks and Libraries */ = {
			isa = PBXGroup;
			children = (
				A18EF33E1379EB6D006AA030 /* Carbon.framework */,
				A18EF3341379EB5B006AA030 /* MaxAudioAPI.framework */,
				A18EF2EE1379EB4D006AA030 /* MaxAPI.framework */,
				A1745D840E807403004CB423 /* libfftw3f.a */,
				A1745D850E807403004CB423 /* libfftw3f.la */,
			);
			name = "External Frameworks and Libraries";
			sourceTree = "<group>";
		};
		089C167CFE841241C02AAC07 /* Resources */ = {
			isa = PBXGroup;
			children = (
			);
			name = Resources;
			sourceTree = "<group>";
		};
		08FB77ADFE841716C02AAC07 /* Source */ = {
			isa = PBXGroup;
			children = (
			);
			name = Source;
			sourceTree = "<group>";
		};
		19C28FB4FE9D528D11CA2CBB /* Products */ = {
			isa = PBXGroup;
			children = (
				A1745D450E7EF0AC004CB423 /* partconv~.mxo */,
			);
			name = Products;
			sourceTree = "<group>";
		};
/* End PBXGroup section */

/* Begin PBXHeadersBuildPhase section */
		8D01CCC70486CAD60068D4B7 /* Headers */ = {
			isa = PBXHeadersBuildPhase;
			buildActionMask = 2147483647;
			files = (
				A1C18B91137DD20400BFB558 /* partconvMulti.h in Headers */,
				A1C18B93137DD20400BFB558 /* sigproc_util.h in Headers */,
				A1C18B9E137DD37A00BFB558 /* runlevel.h in Headers */,
			);
			runOnlyForDeploymentPostprocessing = 0;
		};
/* End PBXHeadersBuildPhase section */

/* Begin PBXNativeTarget section */
		8D01CCC60486CAD60068D4B7 /* partconv~ */ = {
			isa = PBXNativeTarget;
			buildConfigurationList = 0FFBC540097463A900D78707 /* Build configuration list for PBXNativeTarget "partconv~" */;
			buildPhases = (
				8D01CCC70486CAD60068D4B7 /* Headers */,
				8D01CCC90486CAD60068D4B7 /* Resources */,
				8D01CCCB0486CAD60068D4B7 /* Sources */,
				8D01CCCD0486CAD60068D4B7 /* Frameworks */,
				8D01CCCF0486CAD60068D4B7 /* Rez */,
			);
			buildRules = (
			);
			dependencies = (
			);
			name = "partconv~";
			productInstallPath = "$(HOME)/Library/Bundles";
			productName = MSPExternal;
			productReference = A1745D450E7EF0AC004CB423 /* partconv~.mxo */;
			productType = "com.apple.product-type.bundle";
		};
/* End PBXNativeTarget section */

/* Begin PBXProject section */
		089C1669FE841209C02AAC07 /* Project object */ = {
			isa = PBXProject;
			buildConfigurationList = 0FFBC544097463A900D78707 /* Build configuration list for PBXProject "partconv~" */;
			compatibilityVersion = "Xcode 3.0";
			developmentRegion = English;
			hasScannedForEncodings = 1;
			knownRegions = (
				English,
				Japanese,
				French,
				German,
			);
			mainGroup = 089C166AFE841209C02AAC07 /* plus~ */;
			projectDirPath = "";
			projectRoot = "";
			targets = (
				8D01CCC60486CAD60068D4B7 /* partconv~ */,
			);
		};
/* End PBXProject section */

/* Begin PBXResourcesBuildPhase section */
		8D01CCC90486CAD60068D4B7 /* Resources */ = {
			isa = PBXResourcesBuildPhase;
			buildActionMask = 2147483647;
			files = (
			);
			runOnlyForDeploymentPostprocessing = 0;
		};
/* End PBXResourcesBuildPhase section */

/* Begin PBXRezBuildPhase section */
		8D01CCCF0486CAD60068D4B7 /* Rez */ = {
			isa = PBXRezBuildPhase;
			buildActionMask = 2147483647;
			files = (
			);
			runOnlyForDeploymentPostprocessing = 0;
		};
/* End PBXRezBuildPhase section */

/* Begin PBXSourcesBuildPhase section */
		8D01CCCB0486CAD60068D4B7 /* Sources */ = {
			isa = PBXSourcesBuildPhase;
			buildActionMask = 2147483647;
			files = (
				A1C18B90137DD20400BFB558 /* partconvMulti.cpp in Sources */,
				A1C18B92137DD20400BFB558 /* sigproc_util.c in Sources */,
				A1C18B9D137DD37A00BFB558 /* runLevel.cpp in Sources */,
				A1C18C4E137DDEBB00BFB558 /* partconv~.cpp in Sources */,
			);
			runOnlyForDeploymentPostprocessing = 0;
		};
/* End PBXSourcesBuildPhase section */

/* Begin XCBuildConfiguration section */
		0FFBC541097463A900D78707 /* Development */ = {
			isa = XCBuildConfiguration;
			buildSettings = {
				ARCHS = "$(ONLY_ACTIVE_ARCH_PRE_XCODE_3_1)";
				COPY_PHASE_STRIP = NO;
				DEBUGGING_SYMBOLS = YES;
				DEPLOYMENT_LOCATION = NO;
				DSTROOT = "$(PROJECT_DIR)";
				FRAMEWORK_SEARCH_PATHS = (
					/Library/Frameworks,
					"$(FRAMEWORK_SEARCH_PATHS_QUOTED_1)",
					"\"$(SRCROOT)/../../../c74support/max-includes\"",
					"\"$(SRCROOT)/../../../c74support/msp-includes\"",
				);
				FRAMEWORK_SEARCH_PATHS_QUOTED_1 = "\"$(SRCROOT)/../../../SDK/UB-SDK\"";
				GCC_C_LANGUAGE_STANDARD = c99;
				GCC_DYNAMIC_NO_PIC = NO;
				GCC_ENABLE_FIX_AND_CONTINUE = YES;
				GCC_ENABLE_SSE3_EXTENSIONS = YES;
				GCC_ENABLE_TRIGRAPHS = NO;
				GCC_GENERATE_DEBUGGING_SYMBOLS = YES;
				GCC_MODEL_TUNING = "";
				GCC_OPTIMIZATION_LEVEL = 0;
				GCC_PRECOMPILE_PREFIX_HEADER = YES;
				GCC_PREFIX_HEADER = "../../../c74support/max-includes/macho-prefix.pch";
				GCC_WARN_ABOUT_MISSING_PROTOTYPES = NO;
				GCC_WARN_FOUR_CHARACTER_CONSTANTS = NO;
				GCC_WARN_UNKNOWN_PRAGMAS = NO;
				GENERATE_PKGINFO_FILE = YES;
				HEADER_SEARCH_PATHS = (
					"../../../c74support/max-includes",
					"../../../c74support/msp-includes",
				);
				INFOPLIST_FILE = Info.plist;
				INSTALL_PATH = "/../../../sysbuild/$(CONFIGURATION)/Cycling '74/externals";
				LIBRARY_SEARCH_PATHS = (
					"$(inherited)",
					"\"$(SRCROOT)\"",
				);
				LIBRARY_STYLE = Bundle;
				ONLY_ACTIVE_ARCH_PRE_XCODE_3_1 = "$(NATIVE_ARCH)";
				OTHER_CFLAGS = "";
				OTHER_LDFLAGS = "";
				OTHER_REZFLAGS = "";
				PRODUCT_NAME = "partconv~";
				SDKROOT = "$(DEVELOPER_SDK_DIR)/MacOSX10.5.sdk";
				SECTORDER_FLAGS = "";
				WARNING_CFLAGS = (
					"-Wmost",
					"-Wno-four-char-constants",
					"-Wno-unknown-pragmas",
				);
				WRAPPER_EXTENSION = mxo;
				ZERO_LINK = YES;
			};
			name = Development;
		};
		0FFBC542097463A900D78707 /* Deployment */ = {
			isa = XCBuildConfiguration;
			buildSettings = {
				ARCHS = "$(ONLY_ACTIVE_ARCH_PRE_XCODE_3_1)";
				COPY_PHASE_STRIP = NO;
				DEPLOYMENT_LOCATION = NO;
				DSTROOT = "$(PROJECT_DIR)";
				FRAMEWORK_SEARCH_PATHS = (
					/Library/Frameworks,
					"../../../SDK/MaxSDK-5.1.7/c74support/**",
					"$(FRAMEWORK_SEARCH_PATHS_QUOTED_1)",
				);
				FRAMEWORK_SEARCH_PATHS_QUOTED_1 = "";
				GCC_C_LANGUAGE_STANDARD = c99;
				GCC_ENABLE_FIX_AND_CONTINUE = NO;
				GCC_ENABLE_SSE3_EXTENSIONS = YES;
				GCC_ENABLE_TRIGRAPHS = NO;
				GCC_GENERATE_DEBUGGING_SYMBOLS = NO;
				GCC_OPTIMIZATION_LEVEL = 3;
				GCC_PRECOMPILE_PREFIX_HEADER = YES;
				GCC_PREFIX_HEADER = "../../../SDK/MaxSDK-5.1.7/c74support/max-includes/macho-prefix.pch";
				GCC_WARN_ABOUT_MISSING_PROTOTYPES = NO;
				GCC_WARN_FOUR_CHARACTER_CONSTANTS = NO;
				GCC_WARN_UNKNOWN_PRAGMAS = NO;
				GENERATE_PKGINFO_FILE = YES;
				HEADER_SEARCH_PATHS = (
					/usr/local/include,
					"../../../SDK/MaxSDK-5.1.7/c74support/max-includes",
					"../../../SDK/MaxSDK-5.1.7/c74support/msp-includes",
				);
				INFOPLIST_FILE = Info.plist;
				INSTALL_PATH = "/../../../sysbuild/$(CONFIGURATION)/Cycling '74/externals";
				LIBRARY_SEARCH_PATHS = (
					"$(inherited)",
					"\"$(SRCROOT)\"",
				);
				LIBRARY_STYLE = Bundle;
				ONLY_ACTIVE_ARCH_PRE_XCODE_3_1 = "$(NATIVE_ARCH)";
				OTHER_CFLAGS = "";
				OTHER_LDFLAGS = "-v";
				OTHER_REZFLAGS = "";
				PRODUCT_NAME = "partconv~";
				SDKROOT = "$(DEVELOPER_SDK_DIR)/MacOSX10.5.sdk";
				SECTORDER_FLAGS = "";
				VALID_ARCHS = "i386 x86_64";
				WARNING_CFLAGS = (
					"-Wmost",
					"-Wno-four-char-constants",
					"-Wno-unknown-pragmas",
				);
				WRAPPER_EXTENSION = mxo;
				ZERO_LINK = NO;
			};
			name = Deployment;
		};
		0FFBC543097463A900D78707 /* Default */ = {
			isa = XCBuildConfiguration;
			buildSettings = {
				DEPLOYMENT_LOCATION = NO;
				DSTROOT = "$(PROJECT_DIR)";
				FRAMEWORK_SEARCH_PATHS = (
					/Library/Frameworks,
					"$(FRAMEWORK_SEARCH_PATHS_QUOTED_1)",
					"\"$(SRCROOT)/../../../c74support/max-includes\"",
					"\"$(SRCROOT)/../../../c74support/msp-includes\"",
				);
				FRAMEWORK_SEARCH_PATHS_QUOTED_1 = "\"$(SRCROOT)/../../../SDK/UB-SDK\"";
				GCC_ENABLE_TRIGRAPHS = NO;
				GCC_GENERATE_DEBUGGING_SYMBOLS = NO;
				GCC_PRECOMPILE_PREFIX_HEADER = YES;
				GCC_PREFIX_HEADER = "../../../c74support/max-includes/macho-prefix.h";
				GCC_WARN_ABOUT_MISSING_PROTOTYPES = NO;
				GCC_WARN_FOUR_CHARACTER_CONSTANTS = NO;
				GCC_WARN_UNKNOWN_PRAGMAS = NO;
				GENERATE_PKGINFO_FILE = YES;
				HEADER_SEARCH_PATHS = (
					"../../../c74support/max-includes",
					"../../../c74support/msp-includes",
				);
				INFOPLIST_FILE = Info.plist;
				INSTALL_PATH = "/../../../sysbuild/$(CONFIGURATION)/Cycling '74/externals";
				LIBRARY_SEARCH_PATHS = (
					"$(inherited)",
					"\"$(SRCROOT)\"",
				);
				LIBRARY_STYLE = Bundle;
				OTHER_CFLAGS = "";
				OTHER_LDFLAGS = "";
				OTHER_REZFLAGS = "";
				PRODUCT_NAME = "peqbank~";
				SECTORDER_FLAGS = "";
				WARNING_CFLAGS = (
					"-Wmost",
					"-Wno-four-char-constants",
					"-Wno-unknown-pragmas",
				);
				WRAPPER_EXTENSION = mxo;
			};
			name = Default;
		};
		0FFBC545097463A900D78707 /* Development */ = {
			isa = XCBuildConfiguration;
			buildSettings = {
				GCC_ALTIVEC_EXTENSIONS = YES;
				SDKROOT = "$(DEVELOPER_SDK_DIR)/MacOSX10.5.sdk";
			};
			name = Development;
		};
		0FFBC546097463A900D78707 /* Deployment */ = {
			isa = XCBuildConfiguration;
			buildSettings = {
				ARCHS = "$(NATIVE_ARCH_32_BIT)";
				GCC_ALTIVEC_EXTENSIONS = YES;
				GCC_AUTO_VECTORIZATION = YES;
				GCC_FAST_MATH = YES;
				GCC_MODEL_TUNING = "";
				GCC_OPTIMIZATION_LEVEL = 3;
				GCC_UNROLL_LOOPS = YES;
				MACOSX_DEPLOYMENT_TARGET = 10.5;
				OTHER_CFLAGS = (
					"-fast",
					"-std=c99",
				);
				SDKROOT = "$(DEVELOPER_SDK_DIR)/MacOSX10.5.sdk";
				VALID_ARCHS = "i386 x86_64";
			};
			name = Deployment;
		};
		0FFBC547097463A900D78707 /* Default */ = {
			isa = XCBuildConfiguration;
			buildSettings = {
				GCC_ALTIVEC_EXTENSIONS = YES;
				SDKROOT = "$(DEVELOPER_SDK_DIR)/MacOSX10.5.sdk";
			};
			name = Default;
		};
/* End XCBuildConfiguration section */

/* Begin XCConfigurationList section */
		0FFBC540097463A900D78707 /* Build configuration list for PBXNativeTarget "partconv~" */ = {
			isa = XCConfigurationList;
			buildConfigurations = (
				0FFBC541097463A900D78707 /* Development */,
				0FFBC542097463A900D78707 /* Deployment */,
				0FFBC543097463A900D78707 /* Default */,
			);
			defaultConfigurationIsVisible = 0;
			defaultConfigurationName = Default;
		};
		0FFBC544097463A900D78707 /* Build configuration list for PBXProject "partconv~" */ = {
			isa = XCConfigurationList;
			buildConfigurations = (
				0FFBC545097463A900D78707 /* Development */,
				0FFBC546097463A900D78707 /* Deployment */,
				0FFBC547097463A900D78707 /* Default */,
			);
			defaultConfigurationIsVisible = 0;
			defaultConfigurationName = Default;
		};
/* End XCConfigurationList section */
	};
	rootObject = 089C1669FE841209C02AAC07 /* Project object */;
}
